
Microsoft Visual Studio Solution File, Format Version 12.00
# Visual Studio 15
VisualStudioVersion = 15.0.26730.12
MinimumVisualStudioVersion = 10.0.40219.1
Project("{8BC9CEB8-8B4A-11D0-8D11-00A0C91BC942}") = "HelloSDL", "src\HelloSDL\HelloSDL.vcxproj", "{40593243-C478-46E7-84A4-D19C20A82282}"
EndProject
Project("{8BC9CEB8-8B4A-11D0-8D11-00A0C91BC942}") = "A05", "src\A05\A05.vcxproj", "{E1D65F15-1023-4804-B8B7-1DB16D5A880A}"
EndProject
Project("{8BC9CEB8-8B4A-11D0-8D11-00A0C91BC942}") = "CosasClase", "CosasClase\CosasClase.vcxproj", "{09883E90-06BC-4C8E-A6B5-B356461FA827}"
EndProject
Global
	GlobalSection(SolutionConfigurationPlatforms) = preSolution
		Debug|x64 = Debug|x64
		Debug|x86 = Debug|x86
		Release|x64 = Release|x64
		Release|x86 = Release|x86
	EndGlobalSection
	GlobalSection(ProjectConfigurationPlatforms) = postSolution
		{40593243-C478-46E7-84A4-D19C20A82282}.Debug|x64.ActiveCfg = Debug|x64
		{40593243-C478-46E7-84A4-D19C20A82282}.Debug|x64.Build.0 = Debug|x64
		{40593243-C478-46E7-84A4-D19C20A82282}.Debug|x86.ActiveCfg = Debug|Win32
		{40593243-C478-46E7-84A4-D19C20A82282}.Debug|x86.Build.0 = Debug|Win32
		{40593243-C478-46E7-84A4-D19C20A82282}.Release|x64.ActiveCfg = Release|x64
		{40593243-C478-46E7-84A4-D19C20A82282}.Release|x64.Build.0 = Release|x64
		{40593243-C478-46E7-84A4-D19C20A82282}.Release|x86.ActiveCfg = Release|Win32
		{40593243-C478-46E7-84A4-D19C20A82282}.Release|x86.Build.0 = Release|Win32
		{E1D65F15-1023-4804-B8B7-1DB16D5A880A}.Debug|x64.ActiveCfg = Debug|x64
		{E1D65F15-1023-4804-B8B7-1DB16D5A880A}.Debug|x64.Build.0 = Debug|x64
		{E1D65F15-1023-4804-B8B7-1DB16D5A880A}.Debug|x86.ActiveCfg = Debug|Win32
		{E1D65F15-1023-4804-B8B7-1DB16D5A880A}.Debug|x86.Build.0 = Debug|Win32
		{E1D65F15-1023-4804-B8B7-1DB16D5A880A}.Release|x64.ActiveCfg = Release|x64
		{E1D65F15-1023-4804-B8B7-1DB16D5A880A}.Release|x64.Build.0 = Release|x64
		{E1D65F15-1023-4804-B8B7-1DB16D5A880A}.Release|x86.ActiveCfg = Release|Win32
		{E1D65F15-1023-4804-B8B7-1DB16D5A880A}.Release|x86.Build.0 = Release|Win32
		{09883E90-06BC-4C8E-A6B5-B356461FA827}.Debug|x64.ActiveCfg = Debug|x64
		{09883E90-06BC-4C8E-A6B5-B356461FA827}.Debug|x64.Build.0 = Debug|x64
		{09883E90-06BC-4C8E-A6B5-B356461FA827}.Debug|x86.ActiveCfg = Debug|Win32
		{09883E90-06BC-4C8E-A6B5-B356461FA827}.Debug|x86.Build.0 = Debug|Win32
		{09883E90-06BC-4C8E-A6B5-B356461FA827}.Release|x64.ActiveCfg = Release|x64
		{09883E90-06BC-4C8E-A6B5-B356461FA827}.Release|x64.Build.0 = Release|x64
		{09883E90-06BC-4C8E-A6B5-B356461FA827}.Release|x86.ActiveCfg = Release|Win32
		{09883E90-06BC-4C8E-A6B5-B356461FA827}.Release|x86.Build.0 = Release|Win32
	EndGlobalSection
	GlobalSection(SolutionProperties) = preSolution
		HideSolutionNode = FALSE
	EndGlobalSection
	GlobalSection(ExtensibilityGlobals) = postSolution
		SolutionGuid = {A22C97A3-D170-48EF-919E-A64C8D31916E}
	EndGlobalSection
EndGlobal
